{
    "_readme": [
        "This file locks the dependencies of your project to a known state",
        "Read more about it at https://getcomposer.org/doc/01-basic-usage.md#installing-dependencies",
        "This file is @generated automatically"
    ],
    "content-hash": "9fa36ead43713fe56eb2ba5a95079e3b",
    "packages": [
        {
            "name": "torann/json-ld",
            "version": "0.0.12",
            "source": {
                "type": "git",
                "url": "https://github.com/Torann/json-ld.git",
                "reference": "6eb23818946b30772cc68b906aae4ecf369ec7f9"
            },
            "dist": {
                "type": "zip",
                "url": "https://api.github.com/repos/Torann/json-ld/zipball/6eb23818946b30772cc68b906aae4ecf369ec7f9",
                "reference": "6eb23818946b30772cc68b906aae4ecf369ec7f9",
                "shasum": ""
            },
            "require": {
                "php": ">=5.5"
            },
            "require-dev": {
                "mockery/mockery": "^0.9.4",
                "phpunit/phpunit": "~5.0"
            },
            "type": "library",
            "extra": {
                "branch-alias": {
                    "dev-master": "0.1-dev"
                }
            },
            "autoload": {
                "psr-4": {
                    "JsonLd\\": "src"
                }
            },
            "notification-url": "https://packagist.org/downloads/",
            "license": [
                "BSD-2-Clause"
            ],
            "authors": [
                {
                    "name": "Daniel Stainback",
                    "email": "daniel@lyften.com"
                }
            ],
            "description": "Extremely simple JSON-LD markup generator.",
            "keywords": [
                "JSON-LD",
                "generator",
                "schema",
                "structured-data"
            ],
            "time": "2018-05-24T14:57:16+00:00"
        }
    ],
    "packages-dev": [],
    "aliases": [],
    "minimum-stability": "stable",
    "stability-flags": [],
    "prefer-stable": false,
    "prefer-lowest": false,
    "platform": [],
    "platform-dev": [],
    "platform-overrides": {
        "php": "5.6.32"
    }
}
